
Microsoft Visual Studio Solution File, Format Version 12.00
# Visual Studio Version 17
VisualStudioVersion = 17.10.35013.160
MinimumVisualStudioVersion = 10.0.40219.1
Project("{FAE04EC0-301F-11D3-BF4B-00C04F79EFBC}") = "APITrafficSign", "APITrafficSign\APITrafficSign.csproj", "{8DA08DDB-F0AF-4813-9CA5-DAE6E05E49AA}"
EndProject
Global
	GlobalSection(SolutionConfigurationPlatforms) = preSolution
		Debug|Any CPU = Debug|Any CPU
		Release|Any CPU = Release|Any CPU
	EndGlobalSection
	GlobalSection(ProjectConfigurationPlatforms) = postSolution
		{8DA08DDB-F0AF-4813-9CA5-DAE6E05E49AA}.Debug|Any CPU.ActiveCfg = Debug|Any CPU
		{8DA08DDB-F0AF-4813-9CA5-DAE6E05E49AA}.Debug|Any CPU.Build.0 = Debug|Any CPU
		{8DA08DDB-F0AF-4813-9CA5-DAE6E05E49AA}.Release|Any CPU.ActiveCfg = Release|Any CPU
		{8DA08DDB-F0AF-4813-9CA5-DAE6E05E49AA}.Release|Any CPU.Build.0 = Release|Any CPU
	EndGlobalSection
	GlobalSection(SolutionProperties) = preSolution
		HideSolutionNode = FALSE
	EndGlobalSection
	GlobalSection(ExtensibilityGlobals) = postSolution
		SolutionGuid = {0F07F2B8-ED54-4F24-A513-71A0D108E83C}
	EndGlobalSection
EndGlobal
